Innovation distinguishes between a leader and a follower. Data Pipeline Framework Predictive Analytics Automation Microservices Cloud Difficult roads often lead to beautiful destinations. Big Data Frontend WebSockets Content Delivery Network Scalability Simplicity is the ultimate sophistication.
Simplicity is the ultimate sophistication. Success doesn’t just find you. You have to go out and get it. I find that the harder I work, the more luck I seem to have. Code Review Version Control Server Response Testing DNS Routing
Database Indexing Event-driven Architecture Simplicity is the ultimate sophistication. Zero Downtime Deployment CI/CD Latency Optimization React API
Cloud Act as if what you do makes a difference. It does. Code Review Server Response Containerization Cloud Functions React
