Innovation distinguishes between a leader and a follower. Data Pipeline Framework Predictive Analytics Automation Microservices Cloud Difficult roads often lead to beautiful destinations. Big Data Frontend WebSockets Content Delivery Network Scalability Simplicity is the ultimate sophistication.
Simplicity is the ultimate sophistication. Success doesn’t just find you. You have to go out and get it. I find that the harder I work, the more luck I seem to have. Code Review Version Control Server Response Testing DNS Routing
